// !$*UTF8*$!
{
	archiveVersion = 1;
	classes = {
	};
	objectVersion = 46;
	objects = {

/* Begin PBXBuildFile section */
		E532ADCA1A09D991004AEF11 /* AppDelegate.swift in Sources */ = {isa = PBXBuildFile; fileRef = E532ADC91A09D991004AEF11 /* AppDelegate.swift */; };
		E532ADCC1A09D991004AEF11 /* ViewController.swift in Sources */ = {isa = PBXBuildFile; fileRef = E532ADCB1A09D991004AEF11 /* ViewController.swift */; };
		E532ADCF1A09D991004AEF11 /* Main.storyboard in Resources */ = {isa = PBXBuildFile; fileRef = E532ADCD1A09D991004AEF11 /* Main.storyboard */; };
		E532ADD11A09D991004AEF11 /* Images.xcassets in Resources */ = {isa = PBXBuildFile; fileRef = E532ADD01A09D991004AEF11 /* Images.xcassets */; };
		E532ADD41A09D991004AEF11 /* LaunchScreen.xib in Resources */ = {isa = PBXBuildFile; fileRef = E532ADD21A09D991004AEF11 /* LaunchScreen.xib */; };
		E532ADE01A09D991004AEF11 /* PostcardTests.swift in Sources */ = {isa = PBXBuildFile; fileRef = E532ADDF1A09D991004AEF11 /* PostcardTests.swift */; };
		E58AD3AB1A0B4D2B000B717F /* AlbertEinsteinStamp.jpg in Resources */ = {isa = PBXBuildFile; fileRef = E58AD3AA1A0B4D2B000B717F /* AlbertEinsteinStamp.jpg */; };
/* End PBXBuildFile section */

/* Begin PBXContainerItemProxy section */
		E532ADDA1A09D991004AEF11 /* PBXContainerItemProxy */ = {
			isa = PBXContainerItemProxy;
			containerPortal = E532ADBC1A09D990004AEF11 /* Project object */;
			proxyType = 1;
			remoteGlobalIDString = E532ADC31A09D991004AEF11;
			remoteInfo = Postcard;
		};
/* End PBXContainerItemProxy section */

/* Begin PBXFileReference section */
		E532ADC41A09D991004AEF11 /* Postcard.app */ = {isa = PBXFileReference; explicitFileType = wrapper.application; includeInIndex = 0; path = Postcard.app; sourceTree = BUILT_PRODUCTS_DIR; };
		E532ADC81A09D991004AEF11 /* Info.plist */ = {isa = PBXFileReference; lastKnownFileType = text.plist.xml; path = Info.plist; sourceTree = "<group>"; };
		E532ADC91A09D991004AEF11 /* AppDelegate.swift */ = {isa = PBXFileReference; lastKnownFileType = sourcecode.swift; path = AppDelegate.swift; sourceTree = "<group>"; };
		E532ADCB1A09D991004AEF11 /* ViewController.swift */ = {isa = PBXFileReference; lastKnownFileType = sourcecode.swift; path = ViewController.swift; sourceTree = "<group>"; };
		E532ADCE1A09D991004AEF11 /* Base */ = {isa = PBXFileReference; lastKnownFileType = file.storyboard; name = Base; path = Base.lproj/Main.storyboard; sourceTree = "<group>"; };
		E532ADD01A09D991004AEF11 /* Images.xcassets */ = {isa = PBXFileReference; lastKnownFileType = folder.assetcatalog; path = Images.xcassets; sourceTree = "<group>"; };
		E532ADD31A09D991004AEF11 /* Base */ = {isa = PBXFileReference; lastKnownFileType = file.xib; name = Base; path = Base.lproj/LaunchScreen.xib; sourceTree = "<group>"; };
		E532ADD91A09D991004AEF11 /* PostcardTests.xctest */ = {isa = PBXFileReference; explicitFileType = wrapper.cfbundle; includeInIndex = 0; path = PostcardTests.xctest; sourceTree = BUILT_PRODUCTS_DIR; };
		E532ADDE1A09D991004AEF11 /* Info.plist */ = {isa = PBXFileReference; lastKnownFileType = text.plist.xml; path = Info.plist; sourceTree = "<group>"; };
		E532ADDF1A09D991004AEF11 /* PostcardTests.swift */ = {isa = PBXFileReference; lastKnownFileType = sourcecode.swift; path = PostcardTests.swift; sourceTree = "<group>"; };
		E58AD3AA1A0B4D2B000B717F /* AlbertEinsteinStamp.jpg */ = {isa = PBXFileReference; lastKnownFileType = image.jpeg; path = AlbertEinsteinStamp.jpg; sourceTree = "<group>"; };
/* End PBXFileReference section */

/* Begin PBXFrameworksBuildPhase section */
		E532ADC11A09D991004AEF11 /* Frameworks */ = {
			isa = PBXFrameworksBuildPhase;
			buildActionMask = 2147483647;
			files = (
			);
			runOnlyForDeploymentPostprocessing = 0;
		};
		E532ADD61A09D991004AEF11 /* Frameworks */ = {
			isa = PBXFrameworksBuildPhase;
			buildActionMask = 2147483647;
			files = (
			);
			runOnlyForDeploymentPostprocessing = 0;
		};
/* End PBXFrameworksBuildPhase section */

/* Begin PBXGroup section */
		E532ADBB1A09D990004AEF11 = {
			isa = PBXGroup;
			children = (
				E532ADC61A09D991004AEF11 /* Postcard */,
				E532ADDC1A09D991004AEF11 /* PostcardTests */,
				E532ADC51A09D991004AEF11 /* Products */,
			);
			sourceTree = "<group>";
		};
		E532ADC51A09D991004AEF11 /* Products */ = {
			isa = PBXGroup;
			children = (
				E532ADC41A09D991004AEF11 /* Postcard.app */,
				E532ADD91A09D991004AEF11 /* PostcardTests.xctest */,
			);
			name = Products;
			sourceTree = "<group>";
		};
		E532ADC61A09D991004AEF11 /* Postcard */ = {
			isa = PBXGroup;
			children = (
				E532ADC91A09D991004AEF11 /* AppDelegate.swift */,
				E532ADCB1A09D991004AEF11 /* ViewController.swift */,
				E532ADCD1A09D991004AEF11 /* Main.storyboard */,
				E532ADD01A09D991004AEF11 /* Images.xcassets */,
				E532ADD21A09D991004AEF11 /* LaunchScreen.xib */,
				E532ADC71A09D991004AEF11 /* Supporting Files */,
			);
			path = Postcard;
			sourceTree = "<group>";
		};
		E532ADC71A09D991004AEF11 /* Supporting Files */ = {
			isa = PBXGroup;
			children = (
				E58AD3AA1A0B4D2B000B717F /* AlbertEinsteinStamp.jpg */,
				E532ADC81A09D991004AEF11 /* Info.plist */,
			);
			name = "Supporting Files";
			sourceTree = "<group>";
		};
		E532ADDC1A09D991004AEF11 /* PostcardTests */ = {
			isa = PBXGroup;
			children = (
				E532ADDF1A09D991004AEF11 /* PostcardTests.swift */,
				E532ADDD1A09D991004AEF11 /* Supporting Files */,
			);
			path = PostcardTests;
			sourceTree = "<group>";
		};
		E532ADDD1A09D991004AEF11 /* Supporting Files */ = {
			isa = PBXGroup;
			children = (
				E532ADDE1A09D991004AEF11 /* Info.plist */,
			);
			name = "Supporting Files";
			sourceTree = "<group>";
		};
/* End PBXGroup section */

/* Begin PBXNativeTarget section */
		E532ADC31A09D991004AEF11 /* Postcard */ = {
			isa = PBXNativeTarget;
			buildConfigurationList = E532ADE31A09D991004AEF11 /* Build configuration list for PBXNativeTarget "Postcard" */;
			buildPhases = (
				E532ADC01A09D991004AEF11 /* Sources */,
				E532ADC11A09D991004AEF11 /* Frameworks */,
				E532ADC21A09D991004AEF11 /* Resources */,
			);
			buildRules = (
			);
			dependencies = (
			);
			name = Postcard;
			productName = Postcard;
			productReference = E532ADC41A09D991004AEF11 /* Postcard.app */;
			productType = "com.apple.product-type.application";
		};
		E532ADD81A09D991004AEF11 /* PostcardTests */ = {
			isa = PBXNativeTarget;
			buildConfigurationList = E532ADE61A09D991004AEF11 /* Build configuration list for PBXNativeTarget "PostcardTests" */;
			buildPhases = (
				E532ADD51A09D991004AEF11 /* Sources */,
				E532ADD61A09D991004AEF11 /* Frameworks */,
				E532ADD71A09D991004AEF11 /* Resources */,
			);
			buildRules = (
			);
			dependencies = (
				E532ADDB1A09D991004AEF11 /* PBXTargetDependency */,
			);
			name = PostcardTests;
			productName = PostcardTests;
			productReference = E532ADD91A09D991004AEF11 /* PostcardTests.xctest */;
			productType = "com.apple.product-type.bundle.unit-test";
		};
/* End PBXNativeTarget section */

/* Begin PBXProject section */
		E532ADBC1A09D990004AEF11 /* Project object */ = {
			isa = PBXProject;
			attributes = {
				LastUpgradeCheck = 0610;
				ORGANIZATIONNAME = "Andrew Honein";
				TargetAttributes = {
					E532ADC31A09D991004AEF11 = {
						CreatedOnToolsVersion = 6.1;
					};
					E532ADD81A09D991004AEF11 = {
						CreatedOnToolsVersion = 6.1;
						TestTargetID = E532ADC31A09D991004AEF11;
					};
				};
			};
			buildConfigurationList = E532ADBF1A09D990004AEF11 /* Build configuration list for PBXProject "Postcard" */;
			compatibilityVersion = "Xcode 3.2";
			developmentRegion = English;
			hasScannedForEncodings = 0;
			knownRegions = (
				en,
				Base,
			);
			mainGroup = E532ADBB1A09D990004AEF11;
			productRefGroup = E532ADC51A09D991004AEF11 /* Products */;
			projectDirPath = "";
			projectRoot = "";
			targets = (
				E532ADC31A09D991004AEF11 /* Postcard */,
				E532ADD81A09D991004AEF11 /* PostcardTests */,
			);
		};
/* End PBXProject section */

/* Begin PBXResourcesBuildPhase section */
		E532ADC21A09D991004AEF11 /* Resources */ = {
			isa = PBXResourcesBuildPhase;
			buildActionMask = 2147483647;
			files = (
				E58AD3AB1A0B4D2B000B717F /* AlbertEinsteinStamp.jpg in Resources */,
				E532ADCF1A09D991004AEF11 /* Main.storyboard in Resources */,
				E532ADD41A09D991004AEF11 /* LaunchScreen.xib in Resources */,
				E532ADD11A09D991004AEF11 /* Images.xcassets in Resources */,
			);
			runOnlyForDeploymentPostprocessing = 0;
		};
		E532ADD71A09D991004AEF11 /* Resources */ = {
			isa = PBXResourcesBuildPhase;
			buildActionMask = 2147483647;
			files = (
			);
			runOnlyForDeploymentPostprocessing = 0;
		};
/* End PBXResourcesBuildPhase section */

/* Begin PBXSourcesBuildPhase section */
		E532ADC01A09D991004AEF11 /* Sources */ = {
			isa = PBXSourcesBuildPhase;
			buildActionMask = 2147483647;
			files = (
				E532ADCC1A09D991004AEF11 /* ViewController.swift in Sources */,
				E532ADCA1A09D991004AEF11 /* AppDelegate.swift in Sources */,
			);
			runOnlyForDeploymentPostprocessing = 0;
		};
		E532ADD51A09D991004AEF11 /* Sources */ = {
			isa = PBXSourcesBuildPhase;
			buildActionMask = 2147483647;
			files = (
				E532ADE01A09D991004AEF11 /* PostcardTests.swift in Sources */,
			);
			runOnlyForDeploymentPostprocessing = 0;
		};
/* End PBXSourcesBuildPhase section */

/* Begin PBXTargetDependency section */
		E532ADDB1A09D991004AEF11 /* PBXTargetDependency */ = {
			isa = PBXTargetDependency;
			target = E532ADC31A09D991004AEF11 /* Postcard */;
			targetProxy = E532ADDA1A09D991004AEF11 /* PBXContainerItemProxy */;
		};
/* End PBXTargetDependency section */

/* Begin PBXVariantGroup section */
		E532ADCD1A09D991004AEF11 /* Main.storyboard */ = {
			isa = PBXVariantGroup;
			children = (
				E532ADCE1A09D991004AEF11 /* Base */,
			);
			name = Main.storyboard;
			sourceTree = "<group>";
		};
		E532ADD21A09D991004AEF11 /* LaunchScreen.xib */ = {
			isa = PBXVariantGroup;
			children = (
				E532ADD31A09D991004AEF11 /* Base */,
			);
			name = LaunchScreen.xib;
			sourceTree = "<group>";
		};
/* End PBXVariantGroup section */

/* Begin XCBuildConfiguration section */
		E532ADE11A09D991004AEF11 /* Debug */ = {
			isa = XCBuildConfiguration;
			buildSettings = {
				ALWAYS_SEARCH_USER_PATHS = NO;
				CLANG_CXX_LANGUAGE_STANDARD = "gnu++0x";
				CLANG_CXX_LIBRARY = "libc++";
				CLANG_ENABLE_MODULES = YES;
				CLANG_ENABLE_OBJC_ARC = YES;
				CLANG_WARN_BOOL_CONVERSION = YES;
				CLANG_WARN_CONSTANT_CONVERSION = YES;
				CLANG_WARN_DIRECT_OBJC_ISA_USAGE = YES_ERROR;
				CLANG_WARN_EMPTY_BODY = YES;
				CLANG_WARN_ENUM_CONVERSION = YES;
				CLANG_WARN_INT_CONVERSION = YES;
				CLANG_WARN_OBJC_ROOT_CLASS = YES_ERROR;
				CLANG_WARN_UNREACHABLE_CODE = YES;
				CLANG_WARN__DUPLICATE_METHOD_MATCH = YES;
				"CODE_SIGN_IDENTITY[sdk=iphoneos*]" = "iPhone Developer";
				COPY_PHASE_STRIP = NO;
				ENABLE_STRICT_OBJC_MSGSEND = YES;
				GCC_C_LANGUAGE_STANDARD = gnu99;
				GCC_DYNAMIC_NO_PIC = NO;
				GCC_OPTIMIZATION_LEVEL = 0;
				GCC_PREPROCESSOR_DEFINITIONS = (
					"DEBUG=1",
					"$(inherited)",
				);
				GCC_SYMBOLS_PRIVATE_EXTERN = NO;
				GCC_WARN_64_TO_32_BIT_CONVERSION = YES;
				GCC_WARN_ABOUT_RETURN_TYPE = YES_ERROR;
				GCC_WARN_UNDECLARED_SELECTOR = YES;
				GCC_WARN_UNINITIALIZED_AUTOS = YES_AGGRESSIVE;
				GCC_WARN_UNUSED_FUNCTION = YES;
				GCC_WARN_UNUSED_VARIABLE = YES;
				IPHONEOS_DEPLOYMENT_TARGET = 8.1;
				MTL_ENABLE_DEBUG_INFO = YES;
				ONLY_ACTIVE_ARCH = YES;
				SDKROOT = iphoneos;
				SWIFT_OPTIMIZATION_LEVEL = "-Onone";
				TARGETED_DEVICE_FAMILY = "1,2";
			};
			name = Debug;
		};
		E532ADE21A09D991004AEF11 /* Release */ = {
			isa = XCBuildConfiguration;
			buildSettings = {
				ALWAYS_SEARCH_USER_PATHS = NO;
				CLANG_CXX_LANGUAGE_STANDARD = "gnu++0x";
				CLANG_CXX_LIBRARY = "libc++";
				CLANG_ENABLE_MODULES = YES;
				CLANG_ENABLE_OBJC_ARC = YES;
				CLANG_WARN_BOOL_CONVERSION = YES;
				CLANG_WARN_CONSTANT_CONVERSION = YES;
				CLANG_WARN_DIRECT_OBJC_ISA_USAGE = YES_ERROR;
				CLANG_WARN_EMPTY_BODY = YES;
				CLANG_WARN_ENUM_CONVERSION = YES;
				CLANG_WARN_INT_CONVERSION = YES;
				CLANG_WARN_OBJC_ROOT_CLASS = YES_ERROR;
				CLANG_WARN_UNREACHABLE_CODE = YES;
				CLANG_WARN__DUPLICATE_METHOD_MATCH = YES;
				"CODE_SIGN_IDENTITY[sdk=iphoneos*]" = "iPhone Developer";
				COPY_PHASE_STRIP = YES;
				ENABLE_NS_ASSERTIONS = NO;
				ENABLE_STRICT_OBJC_MSGSEND = YES;
				GCC_C_LANGUAGE_STANDARD = gnu99;
				GCC_WARN_64_TO_32_BIT_CONVERSION = YES;
				GCC_WARN_ABOUT_RETURN_TYPE = YES_ERROR;
				GCC_WARN_UNDECLARED_SELECTOR = YES;
				GCC_WARN_UNINITIALIZED_AUTOS = YES_AGGRESSIVE;
				GCC_WARN_UNUSED_FUNCTION = YES;
				GCC_WARN_UNUSED_VARIABLE = YES;
				IPHONEOS_DEPLOYMENT_TARGET = 8.1;
				MTL_ENABLE_DEBUG_INFO = NO;
				SDKROOT = iphoneos;
				TARGETED_DEVICE_FAMILY = "1,2";
				VALIDATE_PRODUCT = YES;
			};
			name = Release;
		};
		E532ADE41A09D991004AEF11 /* Debug */ = {
			isa = XCBuildConfiguration;
			buildSettings = {
				ASSETCATALOG_COMPILER_APPICON_NAME = AppIcon;
				INFOPLIST_FILE = Postcard/Info.plist;
				LD_RUNPATH_SEARCH_PATHS = "$(inherited) @executable_path/Frameworks";
				PRODUCT_NAME = "$(TARGET_NAME)";
			};
			name = Debug;
		};
		E532ADE51A09D991004AEF11 /* Release */ = {
			isa = XCBuildConfiguration;
			buildSettings = {
				ASSETCATALOG_COMPILER_APPICON_NAME = AppIcon;
				INFOPLIST_FILE = Postcard/Info.plist;
				LD_RUNPATH_SEARCH_PATHS = "$(inherited) @executable_path/Frameworks";
				PRODUCT_NAME = "$(TARGET_NAME)";
			};
			name = Release;
		};
		E532ADE71A09D991004AEF11 /* Debug */ = {
			isa = XCBuildConfiguration;
			buildSettings = {
				BUNDLE_LOADER = "$(TEST_HOST)";
				FRAMEWORK_SEARCH_PATHS = (
					"$(SDKROOT)/Developer/Library/Frameworks",
					"$(inherited)",
				);
				GCC_PREPROCESSOR_DEFINITIONS = (
					"DEBUG=1",
					"$(inherited)",
				);
				INFOPLIST_FILE = PostcardTests/Info.plist;
				LD_RUNPATH_SEARCH_PATHS = "$(inherited) @executable_path/Frameworks @loader_path/Frameworks";
				PRODUCT_NAME = "$(TARGET_NAME)";
				TEST_HOST = "$(BUILT_PRODUCTS_DIR)/Postcard.app/Postcard";
			};
			name = Debug;
		};
		E532ADE81A09D991004AEF11 /* Release */ = {
			isa = XCBuildConfiguration;
			buildSettings = {
				BUNDLE_LOADER = "$(TEST_HOST)";
				FRAMEWORK_SEARCH_PATHS = (
					"$(SDKROOT)/Developer/Library/Frameworks",
					"$(inherited)",
				);
				INFOPLIST_FILE = PostcardTests/Info.plist;
				LD_RUNPATH_SEARCH_PATHS = "$(inherited) @executable_path/Frameworks @loader_path/Frameworks";
				PRODUCT_NAME = "$(TARGET_NAME)";
				TEST_HOST = "$(BUILT_PRODUCTS_DIR)/Postcard.app/Postcard";
			};
			name = Release;
		};
/* End XCBuildConfiguration section */

/* Begin XCConfigurationList section */
		E532ADBF1A09D990004AEF11 /* Build configuration list for PBXProject "Postcard" */ = {
			isa = XCConfigurationList;
			buildConfigurations = (
				E532ADE11A09D991004AEF11 /* Debug */,
				E532ADE21A09D991004AEF11 /* Release */,
			);
			defaultConfigurationIsVisible = 0;
			defaultConfigurationName = Release;
		};
		E532ADE31A09D991004AEF11 /* Build configuration list for PBXNativeTarget "Postcard" */ = {
			isa = XCConfigurationList;
			buildConfigurations = (
				E532ADE41A09D991004AEF11 /* Debug */,
				E532ADE51A09D991004AEF11 /* Release */,
			);
			defaultConfigurationIsVisible = 0;
			defaultConfigurationName = Release;
		};
		E532ADE61A09D991004AEF11 /* Build configuration list for PBXNativeTarget "PostcardTests" */ = {
			isa = XCConfigurationList;
			buildConfigurations = (
				E532ADE71A09D991004AEF11 /* Debug */,
				E532ADE81A09D991004AEF11 /* Release */,
			);
			defaultConfigurationIsVisible = 0;
			defaultConfigurationName = Release;
		};
/* End XCConfigurationList section */
	};
	rootObject = E532ADBC1A09D990004AEF11 /* Project object */;
}
